#MicroXplorer Configuration settings - do not modify
ADC1.Channel-0\#ChannelRegularConversion=ADC_CHANNEL_2
ADC1.Channel-1\#ChannelRegularConversion=ADC_CHANNEL_3
ADC1.Channel-2\#ChannelRegularConversion=ADC_CHANNEL_4
ADC1.Channel-3\#ChannelRegularConversion=ADC_CHANNEL_14
ADC1.ContinuousConvMode=ENABLE
ADC1.DMAContinuousRequests=ENABLE
ADC1.IPParameters=Rank-0\#ChannelRegularConversion,master,Channel-0\#ChannelRegularConversion,SamplingTime-0\#ChannelRegularConversion,NbrOfConversionFlag,ScanConvMode,ContinuousConvMode,DMAContinuousRequests,Rank-1\#ChannelRegularConversion,Channel-1\#ChannelRegularConversion,SamplingTime-1\#ChannelRegularConversion,Rank-2\#ChannelRegularConversion,Channel-2\#ChannelRegularConversion,SamplingTime-2\#ChannelRegularConversion,Rank-3\#ChannelRegularConversion,Channel-3\#ChannelRegularConversion,SamplingTime-3\#ChannelRegularConversion,NbrOfConversion
ADC1.NbrOfConversion=4
ADC1.NbrOfConversionFlag=1
ADC1.Rank-0\#ChannelRegularConversion=1
ADC1.Rank-1\#ChannelRegularConversion=2
ADC1.Rank-2\#ChannelRegularConversion=3
ADC1.Rank-3\#ChannelRegularConversion=4
ADC1.SamplingTime-0\#ChannelRegularConversion=ADC_SAMPLETIME_480CYCLES
ADC1.SamplingTime-1\#ChannelRegularConversion=ADC_SAMPLETIME_480CYCLES
ADC1.SamplingTime-2\#ChannelRegularConversion=ADC_SAMPLETIME_480CYCLES
ADC1.SamplingTime-3\#ChannelRegularConversion=ADC_SAMPLETIME_480CYCLES
ADC1.ScanConvMode=ENABLE
ADC1.master=1
CAD.formats=[]
CAD.pinconfig=Dual
CAD.provider=
CAN1.BS1=CAN_BS1_5TQ
CAN1.BS2=CAN_BS2_6TQ
CAN1.CalculateBaudRate=499999
CAN1.CalculateTimeBit=2000
CAN1.CalculateTimeQuantum=166.66666666666669
CAN1.IPParameters=CalculateTimeQuantum,CalculateTimeBit,CalculateBaudRate,Prescaler,NART,TXFP,Mode,SJW,BS2,BS1
CAN1.Mode=CAN_MODE_NORMAL
CAN1.NART=DISABLE
CAN1.Prescaler=7
CAN1.SJW=CAN_SJW_4TQ
CAN1.TXFP=DISABLE
Dma.ADC1.0.Direction=DMA_PERIPH_TO_MEMORY
Dma.ADC1.0.FIFOMode=DMA_FIFOMODE_DISABLE
Dma.ADC1.0.Instance=DMA2_Stream0
Dma.ADC1.0.MemDataAlignment=DMA_MDATAALIGN_HALFWORD
Dma.ADC1.0.MemInc=DMA_MINC_ENABLE
Dma.ADC1.0.Mode=DMA_CIRCULAR
Dma.ADC1.0.PeriphDataAlignment=DMA_PDATAALIGN_HALFWORD
Dma.ADC1.0.PeriphInc=DMA_PINC_DISABLE
Dma.ADC1.0.Priority=DMA_PRIORITY_LOW
Dma.ADC1.0.RequestParameters=Instance,Direction,PeriphInc,MemInc,PeriphDataAlignment,MemDataAlignment,Mode,Priority,FIFOMode
Dma.Request0=ADC1
Dma.Request1=SDIO_RX
Dma.Request2=SDIO_TX
Dma.RequestsNb=3
Dma.SDIO_RX.1.Direction=DMA_PERIPH_TO_MEMORY
Dma.SDIO_RX.1.FIFOMode=DMA_FIFOMODE_ENABLE
Dma.SDIO_RX.1.FIFOThreshold=DMA_FIFO_THRESHOLD_FULL
Dma.SDIO_RX.1.Instance=DMA2_Stream3
Dma.SDIO_RX.1.MemBurst=DMA_MBURST_INC4
Dma.SDIO_RX.1.MemDataAlignment=DMA_MDATAALIGN_WORD
Dma.SDIO_RX.1.MemInc=DMA_MINC_ENABLE
Dma.SDIO_RX.1.Mode=DMA_PFCTRL
Dma.SDIO_RX.1.PeriphBurst=DMA_PBURST_INC4
Dma.SDIO_RX.1.PeriphDataAlignment=DMA_PDATAALIGN_WORD
Dma.SDIO_RX.1.PeriphInc=DMA_PINC_DISABLE
Dma.SDIO_RX.1.Priority=DMA_PRIORITY_LOW
Dma.SDIO_RX.1.RequestParameters=Instance,Direction,PeriphInc,MemInc,PeriphDataAlignment,MemDataAlignment,Mode,Priority,FIFOMode,FIFOThreshold,MemBurst,PeriphBurst
Dma.SDIO_TX.2.Direction=DMA_MEMORY_TO_PERIPH
Dma.SDIO_TX.2.FIFOMode=DMA_FIFOMODE_ENABLE
Dma.SDIO_TX.2.FIFOThreshold=DMA_FIFO_THRESHOLD_FULL
Dma.SDIO_TX.2.Instance=DMA2_Stream6
Dma.SDIO_TX.2.MemBurst=DMA_MBURST_INC4
Dma.SDIO_TX.2.MemDataAlignment=DMA_MDATAALIGN_WORD
Dma.SDIO_TX.2.MemInc=DMA_MINC_ENABLE
Dma.SDIO_TX.2.Mode=DMA_PFCTRL
Dma.SDIO_TX.2.PeriphBurst=DMA_PBURST_INC4
Dma.SDIO_TX.2.PeriphDataAlignment=DMA_PDATAALIGN_WORD
Dma.SDIO_TX.2.PeriphInc=DMA_PINC_DISABLE
Dma.SDIO_TX.2.Priority=DMA_PRIORITY_LOW
Dma.SDIO_TX.2.RequestParameters=Instance,Direction,PeriphInc,MemInc,PeriphDataAlignment,MemDataAlignment,Mode,Priority,FIFOMode,FIFOThreshold,MemBurst,PeriphBurst
File.Version=6
GPIO.groupedBy=Group By Peripherals
KeepUserPlacement=false
Mcu.CPN=STM32F407VGT6
Mcu.Family=STM32F4
Mcu.IP0=ADC1
Mcu.IP1=CAN1
Mcu.IP2=DMA
Mcu.IP3=NVIC
Mcu.IP4=RCC
Mcu.IP5=SDIO
Mcu.IP6=SYS
Mcu.IP7=TIM3
Mcu.IP8=TIM4
Mcu.IP9=USB_OTG_FS
Mcu.IPNb=10
Mcu.Name=STM32F407V(E-G)Tx
Mcu.Package=LQFP100
Mcu.Pin0=PE2
Mcu.Pin1=PE3
Mcu.Pin10=PA3
Mcu.Pin11=PA4
Mcu.Pin12=PA6
Mcu.Pin13=PA7
Mcu.Pin14=PC4
Mcu.Pin15=PC5
Mcu.Pin16=PB1
Mcu.Pin17=PE7
Mcu.Pin18=PE9
Mcu.Pin19=PD13
Mcu.Pin2=PE4
Mcu.Pin20=PD15
Mcu.Pin21=PC8
Mcu.Pin22=PA11
Mcu.Pin23=PA12
Mcu.Pin24=PA13
Mcu.Pin25=PA14
Mcu.Pin26=PC12
Mcu.Pin27=PD0
Mcu.Pin28=PD1
Mcu.Pin29=PD2
Mcu.Pin3=PC14-OSC32_IN
Mcu.Pin30=PB5
Mcu.Pin31=VP_SYS_VS_tim1
Mcu.Pin32=VP_TIM3_VS_ClockSourceINT
Mcu.Pin33=VP_TIM4_VS_ClockSourceINT
Mcu.Pin34=VP_STMicroelectronics.X-CUBE-AZRTOS-F4_VS_RTOSJjThreadX_6.1.10_1.1.0
Mcu.Pin35=VP_STMicroelectronics.X-CUBE-AZRTOS-F4_VS_FileOoSystemJjFileX_6.1.10_1.1.0
Mcu.Pin36=VP_STMicroelectronics.X-CUBE-AZRTOS-F4_VS_FileOoSystemJjInterfaces_2.1.0_1.1.0
Mcu.Pin4=PC15-OSC32_OUT
Mcu.Pin5=PH0-OSC_IN
Mcu.Pin6=PH1-OSC_OUT
Mcu.Pin7=PA0-WKUP
Mcu.Pin8=PA1
Mcu.Pin9=PA2
Mcu.PinsNb=37
Mcu.ThirdParty0=STMicroelectronics.X-CUBE-AZRTOS-F4.1.1.0
Mcu.ThirdPartyNb=1
Mcu.UserConstants=
Mcu.UserName=STM32F407VGTx
MxCube.Version=6.11.0
MxDb.Version=DB.6.0.110
NVIC.BusFault_IRQn=true\:0\:0\:false\:false\:true\:false\:false\:false\:false
NVIC.CAN1_RX0_IRQn=true\:0\:0\:false\:false\:true\:false\:true\:true\:true
NVIC.CAN1_TX_IRQn=true\:0\:0\:false\:false\:true\:false\:true\:true\:true
NVIC.DMA2_Stream0_IRQn=true\:0\:0\:false\:false\:true\:true\:false\:true\:true
NVIC.DMA2_Stream3_IRQn=true\:0\:0\:false\:false\:true\:true\:false\:true\:true
NVIC.DMA2_Stream6_IRQn=true\:0\:0\:false\:false\:true\:true\:false\:true\:true
NVIC.DebugMonitor_IRQn=true\:0\:0\:false\:false\:true\:false\:false\:false\:false
NVIC.EXTI3_IRQn=true\:0\:0\:false\:false\:true\:false\:true\:true\:true
NVIC.EXTI4_IRQn=true\:0\:0\:false\:false\:true\:false\:true\:true\:true
NVIC.ForceEnableDMAVector=true
NVIC.HardFault_IRQn=true\:0\:0\:false\:false\:true\:false\:false\:false\:false
NVIC.MemoryManagement_IRQn=true\:0\:0\:false\:false\:true\:false\:false\:false\:false
NVIC.NonMaskableInt_IRQn=true\:0\:0\:false\:false\:true\:false\:false\:false\:false
NVIC.OTG_FS_IRQn=true\:0\:0\:false\:false\:true\:false\:true\:true\:true
NVIC.PendSV_IRQn=true\:0\:0\:false\:false\:false\:false\:false\:false\:false
NVIC.PriorityGroup=NVIC_PRIORITYGROUP_4
NVIC.SDIO_IRQn=true\:0\:0\:false\:false\:true\:false\:true\:true\:true
NVIC.SVCall_IRQn=true\:0\:0\:false\:false\:false\:false\:false\:false\:false
NVIC.SavedPendsvIrqHandlerGenerated=false
NVIC.SavedSvcallIrqHandlerGenerated=true
NVIC.SavedSystickIrqHandlerGenerated=false
NVIC.SysTick_IRQn=true\:0\:0\:false\:false\:false\:false\:false\:true\:false
NVIC.TIM1_UP_TIM10_IRQn=true\:15\:0\:false\:false\:true\:false\:false\:true\:true
NVIC.TIM3_IRQn=true\:0\:0\:false\:false\:true\:false\:true\:true\:true
NVIC.TIM4_IRQn=true\:0\:0\:false\:false\:true\:false\:true\:true\:true
NVIC.TimeBase=TIM1_UP_TIM10_IRQn
NVIC.TimeBaseIP=TIM1
NVIC.UsageFault_IRQn=true\:0\:0\:false\:false\:true\:false\:false\:false\:false
PA0-WKUP.Locked=true
PA0-WKUP.Signal=GPIO_Input
PA1.GPIOParameters=PinState
PA1.Locked=true
PA1.PinState=GPIO_PIN_SET
PA1.Signal=GPIO_Output
PA11.Mode=Device_Only
PA11.Signal=USB_OTG_FS_DM
PA12.Mode=Device_Only
PA12.Signal=USB_OTG_FS_DP
PA13.Mode=Serial_Wire
PA13.Signal=SYS_JTMS-SWDIO
PA14.Mode=Serial_Wire
PA14.Signal=SYS_JTCK-SWCLK
PA2.Signal=ADCx_IN2
PA3.Signal=ADCx_IN3
PA4.Signal=ADCx_IN4
PA6.GPIOParameters=GPIO_Label
PA6.GPIO_Label=RTD_OUTPUT
PA6.Locked=true
PA6.Signal=GPIO_Output
PA7.GPIOParameters=GPIO_Label
PA7.GPIO_Label=FAULT_OUTPUT
PA7.Locked=true
PA7.Signal=GPIO_Output
PB1.GPIOParameters=GPIO_Label
PB1.GPIO_Label=WheelSpeed2
PB1.Locked=true
PB1.Signal=S_TIM3_CH4
PB5.GPIOParameters=GPIO_Label
PB5.GPIO_Label=WheelSpeed1
PB5.Locked=true
PB5.Signal=S_TIM3_CH2
PC12.Mode=SD_1_bit
PC12.Signal=SDIO_CK
PC14-OSC32_IN.Mode=LSE-External-Oscillator
PC14-OSC32_IN.Signal=RCC_OSC32_IN
PC15-OSC32_OUT.Mode=LSE-External-Oscillator
PC15-OSC32_OUT.Signal=RCC_OSC32_OUT
PC4.Locked=true
PC4.Signal=ADCx_IN14
PC5.GPIOParameters=GPIO_Label
PC5.GPIO_Label=PRECHARGE_OUTPUT
PC5.Locked=true
PC5.Signal=GPIO_Output
PC8.GPIOParameters=GPIO_PuPd
PC8.GPIO_PuPd=GPIO_PULLUP
PC8.Mode=SD_1_bit
PC8.Signal=SDIO_D0
PD0.Mode=CAN_Activate
PD0.Signal=CAN1_RX
PD1.Mode=CAN_Activate
PD1.Signal=CAN1_TX
PD13.GPIOParameters=GPIO_Label
PD13.GPIO_Label=WheelSpeed3
PD13.Locked=true
PD13.Signal=S_TIM4_CH2
PD15.GPIOParameters=GPIO_Label
PD15.GPIO_Label=WheelSpeed4
PD15.Locked=true
PD15.Signal=S_TIM4_CH4
PD2.GPIOParameters=GPIO_PuPd
PD2.GPIO_PuPd=GPIO_PULLUP
PD2.Mode=SD_1_bit
PD2.Signal=SDIO_CMD
PE2.GPIOParameters=GPIO_Label
PE2.GPIO_Label=RTD_INPUT
PE2.Locked=true
PE2.Signal=GPIO_Input
PE3.GPIOParameters=GPIO_Label,GPIO_ModeDefaultEXTI
PE3.GPIO_Label=REC_INPUT
PE3.GPIO_ModeDefaultEXTI=GPIO_MODE_IT_FALLING
PE3.Locked=true
PE3.Signal=GPXTI3
PE4.GPIOParameters=GPIO_Label,GPIO_ModeDefaultEXTI
PE4.GPIO_Label=PRECHARGE_INPUT
PE4.GPIO_ModeDefaultEXTI=GPIO_MODE_IT_RISING_FALLING
PE4.Locked=true
PE4.Signal=GPXTI4
PE7.GPIOParameters=GPIO_Label
PE7.GPIO_Label=REC_OUTPUT
PE7.Locked=true
PE7.Signal=GPIO_Output
PE9.GPIOParameters=GPIO_Label
PE9.GPIO_Label=BUZZER_OUTPUT
PE9.Locked=true
PE9.Signal=GPIO_Output
PH0-OSC_IN.Mode=HSE-External-Oscillator
PH0-OSC_IN.Signal=RCC_OSC_IN
PH1-OSC_OUT.Mode=HSE-External-Oscillator
PH1-OSC_OUT.Signal=RCC_OSC_OUT
PinOutPanel.RotationAngle=0
ProjectManager.AskForMigrate=true
ProjectManager.BackupPrevious=false
ProjectManager.CompilerOptimize=6
ProjectManager.ComputerToolchain=false
ProjectManager.CoupleFile=false
ProjectManager.CustomerFirmwarePackage=
ProjectManager.DefaultFWLocation=true
ProjectManager.DeletePrevious=true
ProjectManager.DeviceId=STM32F407VGTx
ProjectManager.FirmwarePackage=STM32Cube FW_F4 V1.27.1
ProjectManager.FreePins=true
ProjectManager.HalAssertFull=false
ProjectManager.HeapSize=0x2000
ProjectManager.KeepUserCode=true
ProjectManager.LastFirmware=true
ProjectManager.LibraryCopy=1
ProjectManager.MainLocation=Core/Src
ProjectManager.MultiThreaded=true
ProjectManager.NoMain=false
ProjectManager.PreviousToolchain=STM32CubeIDE
ProjectManager.ProjectBuild=false
ProjectManager.ProjectFileName=fsae-2024.ioc
ProjectManager.ProjectName=fsae-2024
ProjectManager.ProjectStructure=
ProjectManager.RegisterCallBack=
ProjectManager.StackSize=0x4000
ProjectManager.TargetToolchain=STM32CubeIDE
ProjectManager.ThreadSafeStrategy=Cortex-M4NS\:Default,
ProjectManager.ToolChainLocation=
ProjectManager.UAScriptAfterPath=/Users/wilicw/Projects/fsae-2024/run_clang-format.sh
ProjectManager.UAScriptBeforePath=
ProjectManager.UnderRoot=true
ProjectManager.functionlistsort=1-SystemClock_Config-RCC-false-HAL-false,2-MX_GPIO_Init-GPIO-false-HAL-true,3-MX_DMA_Init-DMA-false-HAL-true,4-MX_ADC1_Init-ADC1-false-HAL-true,5-MX_SDIO_SD_Init-SDIO-false-HAL-true,6-MX_CAN1_Init-CAN1-false-HAL-true,7-MX_USB_OTG_FS_PCD_Init-USB_OTG_FS-false-HAL-true,8-MX_TIM3_Init-TIM3-false-HAL-true,9-MX_TIM4_Init-TIM4-false-HAL-true
RCC.48MHZClocksFreq_Value=48000000
RCC.AHBFreq_Value=168000000
RCC.APB1CLKDivider=RCC_HCLK_DIV4
RCC.APB1Freq_Value=42000000
RCC.APB1TimFreq_Value=84000000
RCC.APB2CLKDivider=RCC_HCLK_DIV2
RCC.APB2Freq_Value=84000000
RCC.APB2TimFreq_Value=168000000
RCC.CortexFreq_Value=168000000
RCC.EthernetFreq_Value=168000000
RCC.FCLKCortexFreq_Value=168000000
RCC.FamilyName=M
RCC.HCLKFreq_Value=168000000
RCC.HSE_VALUE=8000000
RCC.HSI_VALUE=16000000
RCC.I2SClocksFreq_Value=192000000
RCC.IPParameters=48MHZClocksFreq_Value,AHBFreq_Value,APB1CLKDivider,APB1Freq_Value,APB1TimFreq_Value,APB2CLKDivider,APB2Freq_Value,APB2TimFreq_Value,CortexFreq_Value,EthernetFreq_Value,FCLKCortexFreq_Value,FamilyName,HCLKFreq_Value,HSE_VALUE,HSI_VALUE,I2SClocksFreq_Value,LSI_VALUE,MCO2PinFreq_Value,PLLCLKFreq_Value,PLLM,PLLN,PLLQ,PLLQCLKFreq_Value,RTCFreq_Value,RTCHSEDivFreq_Value,SYSCLKFreq_VALUE,SYSCLKSource,VCOI2SOutputFreq_Value,VCOInputFreq_Value,VCOOutputFreq_Value,VcooutputI2S
RCC.LSI_VALUE=32000
RCC.MCO2PinFreq_Value=168000000
RCC.PLLCLKFreq_Value=168000000
RCC.PLLM=4
RCC.PLLN=168
RCC.PLLQ=7
RCC.PLLQCLKFreq_Value=48000000
RCC.RTCFreq_Value=32000
RCC.RTCHSEDivFreq_Value=4000000
RCC.SYSCLKFreq_VALUE=168000000
RCC.SYSCLKSource=RCC_SYSCLKSOURCE_PLLCLK
RCC.VCOI2SOutputFreq_Value=384000000
RCC.VCOInputFreq_Value=2000000
RCC.VCOOutputFreq_Value=336000000
RCC.VcooutputI2S=192000000
SDIO.ClockDiv=0
SDIO.IPParameters=ClockDiv
SH.ADCx_IN14.0=ADC1_IN14,IN14
SH.ADCx_IN14.ConfNb=1
SH.ADCx_IN2.0=ADC1_IN2,IN2
SH.ADCx_IN2.ConfNb=1
SH.ADCx_IN3.0=ADC1_IN3,IN3
SH.ADCx_IN3.ConfNb=1
SH.ADCx_IN4.0=ADC1_IN4,IN4
SH.ADCx_IN4.ConfNb=1
SH.GPXTI3.0=GPIO_EXTI3
SH.GPXTI3.ConfNb=1
SH.GPXTI4.0=GPIO_EXTI4
SH.GPXTI4.ConfNb=1
SH.S_TIM3_CH2.0=TIM3_CH2,Input_Capture2_from_TI2
SH.S_TIM3_CH2.ConfNb=1
SH.S_TIM3_CH4.0=TIM3_CH4,Input_Capture4_from_TI4
SH.S_TIM3_CH4.ConfNb=1
SH.S_TIM4_CH2.0=TIM4_CH2,Input_Capture2_from_TI2
SH.S_TIM4_CH2.ConfNb=1
SH.S_TIM4_CH4.0=TIM4_CH4,Input_Capture4_from_TI4
SH.S_TIM4_CH4.ConfNb=1
STMicroelectronics.X-CUBE-AZRTOS-F4.1.1.0.FX_APP_MEM_POOL_SIZE=10240
STMicroelectronics.X-CUBE-AZRTOS-F4.1.1.0.FX_DRIVER_SD_INIT=0
STMicroelectronics.X-CUBE-AZRTOS-F4.1.1.0.FileOoSystemJjFileX_Checked=true
STMicroelectronics.X-CUBE-AZRTOS-F4.1.1.0.FileOoSystemJjInterfaces_Checked=true
STMicroelectronics.X-CUBE-AZRTOS-F4.1.1.0.FileXCcFileOoSystemJjFileXJjCore=true
STMicroelectronics.X-CUBE-AZRTOS-F4.1.1.0.FileXCcFileOoSystemJjFileXJjTraceXOoSupport=true
STMicroelectronics.X-CUBE-AZRTOS-F4.1.1.0.IPParameters=TX_TIMER_TICKS_PER_SECOND,LX_DRIVER_CALLS_QSPI_INIT,FX_DRIVER_SD_INIT,TX_APP_MEM_POOL_SIZE,FX_APP_MEM_POOL_SIZE,NX_DISABLE_LOOPBACK_INTERFACE,NX_DISABLE_RX_SIZE_CHECKING,NX_DISABLE_IPV4,UX_DEVICE_APP_MEM_POOL_SIZE,TX_DISABLE_PREEMPTION_THRESHOLD,ThreadXCcRTOSJjThreadXJjCore,ThreadXCcRTOSJjThreadXJjPerformanceInfo,ThreadXCcRTOSJjThreadXJjTraceXOosupport,ThreadXCcRTOSJjThreadXJjLowOoPowerOosupport,FileXCcFileOoSystemJjFileXJjCore,FileXCcFileOoSystemJjFileXJjTraceXOoSupport,InterfacesCcFileOoSystemJjFileXOoInternalOoRAMOointerface,InterfacesCcFileOoSystemJjFileXOoSDOointerface
STMicroelectronics.X-CUBE-AZRTOS-F4.1.1.0.InterfacesCcFileOoSystemJjFileXOoInternalOoRAMOointerface=true
STMicroelectronics.X-CUBE-AZRTOS-F4.1.1.0.InterfacesCcFileOoSystemJjFileXOoSDOointerface=true
STMicroelectronics.X-CUBE-AZRTOS-F4.1.1.0.LX_DRIVER_CALLS_QSPI_INIT=1
STMicroelectronics.X-CUBE-AZRTOS-F4.1.1.0.NX_DISABLE_IPV4=true
STMicroelectronics.X-CUBE-AZRTOS-F4.1.1.0.NX_DISABLE_LOOPBACK_INTERFACE=true
STMicroelectronics.X-CUBE-AZRTOS-F4.1.1.0.NX_DISABLE_RX_SIZE_CHECKING=false
STMicroelectronics.X-CUBE-AZRTOS-F4.1.1.0.NetworkJjNetXDuo_Checked=false
STMicroelectronics.X-CUBE-AZRTOS-F4.1.1.0.RTOSJjThreadX_Checked=true
STMicroelectronics.X-CUBE-AZRTOS-F4.1.1.0.TX_APP_MEM_POOL_SIZE=10240
STMicroelectronics.X-CUBE-AZRTOS-F4.1.1.0.TX_DISABLE_PREEMPTION_THRESHOLD=0
STMicroelectronics.X-CUBE-AZRTOS-F4.1.1.0.TX_TIMER_TICKS_PER_SECOND=65535
STMicroelectronics.X-CUBE-AZRTOS-F4.1.1.0.ThreadXCcRTOSJjThreadXJjCore=true
STMicroelectronics.X-CUBE-AZRTOS-F4.1.1.0.ThreadXCcRTOSJjThreadXJjLowOoPowerOosupport=true
STMicroelectronics.X-CUBE-AZRTOS-F4.1.1.0.ThreadXCcRTOSJjThreadXJjPerformanceInfo=true
STMicroelectronics.X-CUBE-AZRTOS-F4.1.1.0.ThreadXCcRTOSJjThreadXJjTraceXOosupport=true
STMicroelectronics.X-CUBE-AZRTOS-F4.1.1.0.USBJjUSBX_Checked=false
STMicroelectronics.X-CUBE-AZRTOS-F4.1.1.0.UX_DEVICE_APP_MEM_POOL_SIZE=12*1024
STMicroelectronics.X-CUBE-AZRTOS-F4.1.1.0_IsAnAzureRtosMw=true
STMicroelectronics.X-CUBE-AZRTOS-F4.1.1.0_SwParameter=InterfacesCcFileOoSystemJjFileXOoSDOointerface\:true;ThreadXCcRTOSJjThreadXJjLowOoPowerOosupport\:true;USBXCcUSBJjUSBXJjUXOoDeviceOoControllers\:true;NetXDuoCcNetworkJjNetXDuoJjNXOoCore\:true;USBXCcUSBJjUSBXJjCoreSystem\:true;ThreadXCcRTOSJjThreadXJjTraceXOosupport\:true;FileXCcFileOoSystemJjFileXJjCore\:true;ThreadXCcRTOSJjThreadXJjCore\:true;USBXCcUSBJjUSBXJjUXOoDeviceOoCoreStack\:true;NetXDuoCcNetworkJjNetXDuoJjAddonsOoCloud\:true;FileXCcFileOoSystemJjFileXJjTraceXOoSupport\:true;USBXCcUSBJjUSBXJjUXOoDeviceOoClassOoCDCOoACM\:true;InterfacesCcFileOoSystemJjFileXOoInternalOoRAMOointerface\:true;USBXCcUSBJjUSBXJjTraceXOoSupport\:true;ThreadXCcRTOSJjThreadXJjPerformanceInfo\:true;
TIM3.AutoReloadPreload=TIM_AUTORELOAD_PRELOAD_ENABLE
TIM3.Channel-Input_Capture2_from_TI2=TIM_CHANNEL_2
TIM3.Channel-Input_Capture4_from_TI4=TIM_CHANNEL_4
TIM3.ICPolarity_CH2=TIM_INPUTCHANNELPOLARITY_RISING
TIM3.ICPolarity_CH4=TIM_INPUTCHANNELPOLARITY_RISING
TIM3.IPParameters=Channel-Input_Capture2_from_TI2,Channel-Input_Capture4_from_TI4,ICPolarity_CH2,ICPolarity_CH4,Prescaler,AutoReloadPreload
TIM3.Prescaler=8400-1
TIM4.AutoReloadPreload=TIM_AUTORELOAD_PRELOAD_ENABLE
TIM4.Channel-Input_Capture2_from_TI2=TIM_CHANNEL_2
TIM4.Channel-Input_Capture4_from_TI4=TIM_CHANNEL_4
TIM4.ICPolarity_CH2=TIM_INPUTCHANNELPOLARITY_RISING
TIM4.ICPolarity_CH4=TIM_INPUTCHANNELPOLARITY_RISING
TIM4.IPParameters=Channel-Input_Capture4_from_TI4,Channel-Input_Capture2_from_TI2,ICPolarity_CH4,ICPolarity_CH2,Prescaler,AutoReloadPreload
TIM4.Prescaler=8400-1
USB_OTG_FS.IPParameters=VirtualMode
USB_OTG_FS.VirtualMode=Device_Only
VP_STMicroelectronics.X-CUBE-AZRTOS-F4_VS_FileOoSystemJjFileX_6.1.10_1.1.0.Mode=FileOoSystemJjFileX
VP_STMicroelectronics.X-CUBE-AZRTOS-F4_VS_FileOoSystemJjFileX_6.1.10_1.1.0.Signal=STMicroelectronics.X-CUBE-AZRTOS-F4_VS_FileOoSystemJjFileX_6.1.10_1.1.0
VP_STMicroelectronics.X-CUBE-AZRTOS-F4_VS_FileOoSystemJjInterfaces_2.1.0_1.1.0.Mode=FileOoSystemJjInterfaces
VP_STMicroelectronics.X-CUBE-AZRTOS-F4_VS_FileOoSystemJjInterfaces_2.1.0_1.1.0.Signal=STMicroelectronics.X-CUBE-AZRTOS-F4_VS_FileOoSystemJjInterfaces_2.1.0_1.1.0
VP_STMicroelectronics.X-CUBE-AZRTOS-F4_VS_RTOSJjThreadX_6.1.10_1.1.0.Mode=RTOSJjThreadX
VP_STMicroelectronics.X-CUBE-AZRTOS-F4_VS_RTOSJjThreadX_6.1.10_1.1.0.Signal=STMicroelectronics.X-CUBE-AZRTOS-F4_VS_RTOSJjThreadX_6.1.10_1.1.0
VP_SYS_VS_tim1.Mode=TIM1
VP_SYS_VS_tim1.Signal=SYS_VS_tim1
VP_TIM3_VS_ClockSourceINT.Mode=Internal
VP_TIM3_VS_ClockSourceINT.Signal=TIM3_VS_ClockSourceINT
VP_TIM4_VS_ClockSourceINT.Mode=Internal
VP_TIM4_VS_ClockSourceINT.Signal=TIM4_VS_ClockSourceINT
board=custom
